
Microsoft Visual Studio Solution File, Format Version 12.00
# Visual Studio Version 16
VisualStudioVersion = 16.0.810.11
MinimumVisualStudioVersion = 10.0.40219.1
Project("{FAE04EC0-301F-11D3-BF4B-00C04F79EFBC}") = "SyntaxAndSyntaxSugar", "SyntaxAndSyntaxSugar\SyntaxAndSyntaxSugar.csproj", "{9C34C39B-22DD-4394-B31D-217ACAFB748C}"
EndProject
Global
	GlobalSection(SolutionConfigurationPlatforms) = preSolution
		Debug|Any CPU = Debug|Any CPU
		Release|Any CPU = Release|Any CPU
	EndGlobalSection
	GlobalSection(ProjectConfigurationPlatforms) = postSolution
		{9C34C39B-22DD-4394-B31D-217ACAFB748C}.Debug|Any CPU.ActiveCfg = Debug|Any CPU
		{9C34C39B-22DD-4394-B31D-217ACAFB748C}.Debug|Any CPU.Build.0 = Debug|Any CPU
		{9C34C39B-22DD-4394-B31D-217ACAFB748C}.Release|Any CPU.ActiveCfg = Release|Any CPU
		{9C34C39B-22DD-4394-B31D-217ACAFB748C}.Release|Any CPU.Build.0 = Release|Any CPU
	EndGlobalSection
	GlobalSection(SolutionProperties) = preSolution
		HideSolutionNode = FALSE
	EndGlobalSection
	GlobalSection(ExtensibilityGlobals) = postSolution
		SolutionGuid = {D514FB29-037B-408C-BA6E-62E86E77A167}
	EndGlobalSection
EndGlobal
